
Microsoft Visual Studio Solution File, Format Version 12.00
# Visual Studio 15
VisualStudioVersion = 15.0.26730.3
MinimumVisualStudioVersion = 10.0.40219.1
Project("{FAE04EC0-301F-11D3-BF4B-00C04F79EFBC}") = "Crozzle App", "Crozzle App\Crozzle App.csproj", "{850F73B0-526B-45E1-AED7-2DC069FBE623}"
EndProject
Project("{FAE04EC0-301F-11D3-BF4B-00C04F79EFBC}") = "Crozzle AppTests", "Crozzle AppTests\Crozzle AppTests.csproj", "{2140EA2E-2D3F-48D2-B252-5A993DD82EDE}"
EndProject
Global
	GlobalSection(SolutionConfigurationPlatforms) = preSolution
		Debug|Any CPU = Debug|Any CPU
		Release|Any CPU = Release|Any CPU
	EndGlobalSection
	GlobalSection(ProjectConfigurationPlatforms) = postSolution
		{850F73B0-526B-45E1-AED7-2DC069FBE623}.Debug|Any CPU.ActiveCfg = Debug|Any CPU
		{850F73B0-526B-45E1-AED7-2DC069FBE623}.Debug|Any CPU.Build.0 = Debug|Any CPU
		{850F73B0-526B-45E1-AED7-2DC069FBE623}.Release|Any CPU.ActiveCfg = Release|Any CPU
		{850F73B0-526B-45E1-AED7-2DC069FBE623}.Release|Any CPU.Build.0 = Release|Any CPU
		{2140EA2E-2D3F-48D2-B252-5A993DD82EDE}.Debug|Any CPU.ActiveCfg = Debug|Any CPU
		{2140EA2E-2D3F-48D2-B252-5A993DD82EDE}.Debug|Any CPU.Build.0 = Debug|Any CPU
		{2140EA2E-2D3F-48D2-B252-5A993DD82EDE}.Release|Any CPU.ActiveCfg = Release|Any CPU
		{2140EA2E-2D3F-48D2-B252-5A993DD82EDE}.Release|Any CPU.Build.0 = Release|Any CPU
	EndGlobalSection
	GlobalSection(SolutionProperties) = preSolution
		HideSolutionNode = FALSE
	EndGlobalSection
	GlobalSection(ExtensibilityGlobals) = postSolution
		SolutionGuid = {F0CC7D76-0E68-4C9E-89D8-D126ED4C69C1}
	EndGlobalSection
EndGlobal
